
Microsoft Visual Studio Solution File, Format Version 12.00
# Visual Studio Version 17
VisualStudioVersion = 17.9.34607.119
MinimumVisualStudioVersion = 10.0.40219.1
Project("{9A19103F-16F7-4668-BE54-9A1E7A4F7556}") = "ParkingDemo", "ParkingDemo\ParkingDemo.csproj", "{5D25371B-6F8D-46CA-8A6A-1D46257E7205}"
EndProject
Global
	GlobalSection(SolutionConfigurationPlatforms) = preSolution
		Debug|Any CPU = Debug|Any CPU
		Release|Any CPU = Release|Any CPU
	EndGlobalSection
	GlobalSection(ProjectConfigurationPlatforms) = postSolution
		{5D25371B-6F8D-46CA-8A6A-1D46257E7205}.Debug|Any CPU.ActiveCfg = Debug|Any CPU
		{5D25371B-6F8D-46CA-8A6A-1D46257E7205}.Debug|Any CPU.Build.0 = Debug|Any CPU
		{5D25371B-6F8D-46CA-8A6A-1D46257E7205}.Release|Any CPU.ActiveCfg = Release|Any CPU
		{5D25371B-6F8D-46CA-8A6A-1D46257E7205}.Release|Any CPU.Build.0 = Release|Any CPU
	EndGlobalSection
	GlobalSection(SolutionProperties) = preSolution
		HideSolutionNode = FALSE
	EndGlobalSection
	GlobalSection(ExtensibilityGlobals) = postSolution
		SolutionGuid = {080AE26E-1A4A-4360-8EFE-78CE5C9FE777}
	EndGlobalSection
EndGlobal
